{
  "requires": true,
  "lockfileVersion": 1,
  "dependencies": {
    "crocks": {
      "version": "0.11.1",
      "resolved": "https://registry.npmjs.org/crocks/-/crocks-0.11.1.tgz",
      "integrity": "sha512-MSaMHvzKugK4iX97VzUty+bdhDN+3MVfGrllye/P7qKGeHnRU7/ich+j0YzIN3SP4cEIFnQplTuAat0c1pLiCg=="
    }
  }
}
